
Microsoft Visual Studio Solution File, Format Version 12.00
# Visual Studio Version 17
VisualStudioVersion = 17.8.34511.84
MinimumVisualStudioVersion = 10.0.40219.1
Project("{FAE04EC0-301F-11D3-BF4B-00C04F79EFBC}") = "5", "5\5.csproj", "{69CF901D-6E94-44D7-8C43-9EBD43D2DD02}"
EndProject
Global
	GlobalSection(SolutionConfigurationPlatforms) = preSolution
		Debug|Any CPU = Debug|Any CPU
		Release|Any CPU = Release|Any CPU
	EndGlobalSection
	GlobalSection(ProjectConfigurationPlatforms) = postSolution
		{69CF901D-6E94-44D7-8C43-9EBD43D2DD02}.Debug|Any CPU.ActiveCfg = Debug|Any CPU
		{69CF901D-6E94-44D7-8C43-9EBD43D2DD02}.Debug|Any CPU.Build.0 = Debug|Any CPU
		{69CF901D-6E94-44D7-8C43-9EBD43D2DD02}.Release|Any CPU.ActiveCfg = Release|Any CPU
		{69CF901D-6E94-44D7-8C43-9EBD43D2DD02}.Release|Any CPU.Build.0 = Release|Any CPU
	EndGlobalSection
	GlobalSection(SolutionProperties) = preSolution
		HideSolutionNode = FALSE
	EndGlobalSection
	GlobalSection(ExtensibilityGlobals) = postSolution
		SolutionGuid = {2826D1B1-9034-4BBB-802C-42D4D1D79119}
	EndGlobalSection
EndGlobal
